# Generated by conda-lock.
# platform: win-64
# input_hash: 97b7678086c9b06beb6d7a45eb31576a7d270b0212f963b80d1ae8f4ae6958b2
@EXPLICIT
https://conda.anaconda.org/conda-forge/win-64/dart-sass-1.59.1-h57928b3_0.conda#7b884d6ae77792e5fdb47cc5c43f0676
https://conda.anaconda.org/conda-forge/win-64/esbuild-0.27.1-h11686cb_0.conda#1bb0b22f151922c419a33f924f549499
https://conda.anaconda.org/conda-forge/noarch/font-ttf-dejavu-sans-mono-2.37-hab24e00_0.tar.bz2#0c96522c6bdaed4b1566d11387caaf45
https://conda.anaconda.org/conda-forge/noarch/font-ttf-inconsolata-3.000-h77eed37_0.tar.bz2#34893075a5c9e55cdafac56607368fc6
https://conda.anaconda.org/conda-forge/noarch/font-ttf-source-code-pro-2.038-h77eed37_0.tar.bz2#4d59c254e01d9cde7957100457e2d5fb
https://conda.anaconda.org/conda-forge/noarch/font-ttf-ubuntu-0.83-h77eed37_3.conda#49023d73832ef61042f6a237cb2687e7
https://conda.anaconda.org/conda-forge/win-64/nodejs-22.19.0-he453025_1.conda#e3a942bb14a0dd65de30fccb9522b535
https://conda.anaconda.org/conda-forge/win-64/pandoc-3.6.3-h57928b3_0.conda#9b999036cccf0d5a94ed3c0b0edbb905
https://conda.anaconda.org/conda-forge/noarch/python_abi-3.11-8_cp311.conda#8fcb6b0e2161850556231336dae58358
https://conda.anaconda.org/conda-forge/noarch/tzdata-2025b-h78e105d_0.conda#4222072737ccff51314b5ece9c7d6f5a
https://conda.anaconda.org/conda-forge/win-64/ucrt-10.0.26100.0-h57928b3_0.conda#71b24316859acd00bdb8b38f5e2ce328
https://conda.anaconda.org/conda-forge/noarch/ca-certificates-2025.11.12-h4c7d964_0.conda#f98fb7db808b94bc1ec5b0e62f9f1069
https://conda.anaconda.org/conda-forge/noarch/fonts-conda-forge-1-hc364b38_1.conda#a7970cd949a077b7cb9696379d338681
https://conda.anaconda.org/conda-forge/win-64/libwinpthread-12.0.0.r4.gg4f2fc60ca-h57928b3_10.conda#8a86073cf3b343b87d03f41790d8b4e5
https://conda.anaconda.org/conda-forge/win-64/vcomp14-14.44.35208-h818238b_33.conda#4cb6942b4bd846e51b4849f4a93c7e6d
https://conda.anaconda.org/conda-forge/noarch/fonts-conda-ecosystem-1-0.tar.bz2#fee5683a3f04bd15cbd8318b096a27ab
https://conda.anaconda.org/conda-forge/win-64/libgomp-15.2.0-h8ee18e1_15.conda#18713a6d90ce576053ac3ce9f792fe14
https://conda.anaconda.org/conda-forge/win-64/vc14_runtime-14.44.35208-h818238b_33.conda#fb8e4914c5ad1c71b3c519621e1df7b8
https://conda.anaconda.org/conda-forge/win-64/_openmp_mutex-4.5-2_gnu.conda#37e16618af5c4851a3f3d66dd0e11141
https://conda.anaconda.org/conda-forge/win-64/vc-14.3-h2b53caa_33.conda#2d1c042360c09498891809a3765261be
https://conda.anaconda.org/conda-forge/win-64/bzip2-1.0.8-h0ad9c76_8.conda#1077e9333c41ff0be8edd1a5ec0ddace
https://conda.anaconda.org/conda-forge/win-64/double-conversion-3.3.1-he0c23c2_0.conda#e9a1402439c18a4e3c7a52e4246e9e1c
https://conda.anaconda.org/conda-forge/win-64/graphite2-1.3.14-hac47afa_2.conda#b785694dd3ec77a011ccf0c24725382b
https://conda.anaconda.org/conda-forge/win-64/icu-75.1-he0c23c2_0.conda#8579b6bb8d18be7c0b27fb08adeeeb40
https://conda.anaconda.org/conda-forge/win-64/lerc-4.0.0-h6470a55_1.conda#c1b81da6d29a14b542da14a36c9fbf3f
https://conda.anaconda.org/conda-forge/win-64/libbrotlicommon-1.2.0-hfd05255_1.conda#444b0a45bbd1cb24f82eedb56721b9c4
https://conda.anaconda.org/conda-forge/win-64/libdeflate-1.25-h51727cc_0.conda#e77030e67343e28b084fabd7db0ce43e
https://conda.anaconda.org/conda-forge/win-64/libexpat-2.7.3-hac47afa_0.conda#8c9e4f1a0e688eef2e95711178061a0f
https://conda.anaconda.org/conda-forge/win-64/libffi-3.5.2-h52bdfb6_0.conda#ba4ad812d2afc22b9a34ce8327a0930f
https://conda.anaconda.org/conda-forge/win-64/libgcc-15.2.0-h8ee18e1_15.conda#e05ab7ace69b10ae32f8a710a5971f4f
https://conda.anaconda.org/conda-forge/win-64/libiconv-1.18-hc1393d2_2.conda#64571d1dd6cdcfa25d0664a5950fdaa2
https://conda.anaconda.org/conda-forge/win-64/libjpeg-turbo-3.1.2-hfd05255_0.conda#56a686f92ac0273c0f6af58858a3f013
https://conda.anaconda.org/conda-forge/win-64/liblzma-5.8.1-h2466b09_2.conda#c15148b2e18da456f5108ccb5e411446
https://conda.anaconda.org/conda-forge/win-64/libsqlite-3.51.1-hf5d6505_0.conda#f92bef2f8e523bb0eabe60099683617a
https://conda.anaconda.org/conda-forge/win-64/libvulkan-loader-1.4.328.1-h477610d_0.conda#4403eae6c81f448d63a7f66c0b330536
https://conda.anaconda.org/conda-forge/win-64/libwebp-base-1.6.0-h4d5522a_0.conda#f9bbae5e2537e3b06e0f7310ba76c893
https://conda.anaconda.org/conda-forge/win-64/libzlib-1.3.1-h2466b09_2.conda#41fbfac52c601159df6c01f875de31b9
https://conda.anaconda.org/conda-forge/win-64/llvm-openmp-21.1.7-h4fa8253_0.conda#5823741f7af732cd56036ae392396ec6
https://conda.anaconda.org/conda-forge/win-64/openssl-3.6.0-h725018a_0.conda#84f8fb4afd1157f59098f618cd2437e4
https://conda.anaconda.org/conda-forge/win-64/pixman-0.46.4-h5112557_1.conda#08c8fa3b419df480d985e304f7884d35
https://conda.anaconda.org/conda-forge/win-64/qhull-2020.2-hc790b64_5.conda#854fbdff64b572b5c0b470f334d34c11
https://conda.anaconda.org/conda-forge/win-64/tk-8.6.13-h2c6b04d_3.conda#7cb36e506a7dba4817970f8adb6396f9
https://conda.anaconda.org/conda-forge/win-64/typst-0.13.0-ha073cba_0.conda#c081083e160c80c00521871c9446495e
https://conda.anaconda.org/conda-forge/win-64/yaml-0.2.5-h6a83c73_3.conda#433699cba6602098ae8957a323da2664
https://conda.anaconda.org/conda-forge/win-64/zlib-ng-2.3.2-h5112557_0.conda#2b4f8712b09b5fd3182cda872ce8482c
https://conda.anaconda.org/conda-forge/win-64/deno-2.3.1-hf25ef54_0.conda#a71768884ddedb4d1816f8a08455ce44
https://conda.anaconda.org/conda-forge/win-64/krb5-1.21.3-hdf4eb48_0.conda#31aec030344e962fbd7dbbbbd68e60a9
https://conda.anaconda.org/conda-forge/win-64/libbrotlidec-1.2.0-hfd05255_1.conda#450e3ae947fc46b60f1d8f8f318b40d4
https://conda.anaconda.org/conda-forge/win-64/libbrotlienc-1.2.0-hfd05255_1.conda#ccd93cfa8e54fd9df4e83dbe55ff6e8c
https://conda.anaconda.org/conda-forge/win-64/libintl-0.22.5-h5728263_3.conda#2cf0cf76cc15d360dfa2f17fd6cf9772
https://conda.anaconda.org/conda-forge/win-64/libpng-1.6.53-h7351971_0.conda#fb6f43f6f08ca100cb24cff125ab0d9e
https://conda.anaconda.org/conda-forge/win-64/libxml2-16-2.15.1-h06f855e_0.conda#4a5ea6ec2055ab0dfd09fd0c498f834a
https://conda.anaconda.org/conda-forge/win-64/pcre2-10.46-h3402e2f_0.conda#889053e920d15353c2665fa6310d7a7a
https://conda.anaconda.org/conda-forge/win-64/pthread-stubs-0.4-h0e40799_1002.conda#3c8f2573569bb816483e5cf57efbbe29
https://conda.anaconda.org/conda-forge/win-64/python-3.11.14-h0159041_2_cpython.conda#02a9ba5950d8b78e6c9862d6ba7a5045
https://conda.anaconda.org/conda-forge/win-64/xorg-libxau-1.0.12-hba3369d_1.conda#8436cab9a76015dfe7208d3c9f97c156
https://conda.anaconda.org/conda-forge/win-64/xorg-libxdmcp-1.1.5-hba3369d_1.conda#a7c03e38aa9c0e84d41881b9236eacfb
https://conda.anaconda.org/conda-forge/win-64/zstd-1.5.7-h534d264_6.conda#053b84beec00b71ea8ff7a4f84b55207
https://conda.anaconda.org/conda-forge/noarch/appdirs-1.4.4-pyhd8ed1ab_1.conda#f4e90937bbfc3a4a92539545a37bb448
https://conda.anaconda.org/conda-forge/noarch/backports-1.0-pyhd8ed1ab_5.conda#767d508c1a67e02ae8f50e44cacfadb2
https://conda.anaconda.org/conda-forge/win-64/backports.zstd-1.2.0-py311h71c1bcc_0.conda#d18f06228dc0f29bd654e006e46bcee5
https://conda.anaconda.org/conda-forge/noarch/boltons-25.0.0-pyhd8ed1ab_0.conda#c7eb87af73750d6fd97eff8bbee8cb9c
https://conda.anaconda.org/conda-forge/win-64/brotli-bin-1.2.0-hfd05255_1.conda#6abd7089eb3f0c790235fe469558d190
https://conda.anaconda.org/conda-forge/win-64/brotli-python-1.2.0-py311hc5da9e4_1.conda#b0c459f98ac5ea504a9d9df6242f7ee1
https://conda.anaconda.org/conda-forge/noarch/certifi-2025.11.12-pyhd8ed1ab_0.conda#96a02a5c1a65470a7e4eedb644c872fd
https://conda.anaconda.org/conda-forge/noarch/charset-normalizer-3.4.4-pyhd8ed1ab_0.conda#a22d1fd9bf98827e280a02875d9a007a
https://conda.anaconda.org/conda-forge/noarch/colorama-0.4.6-pyhd8ed1ab_1.conda#962b9857ee8e7018c22f2776ffa0b2d7
https://conda.anaconda.org/conda-forge/noarch/crashtest-0.4.1-pyhd8ed1ab_1.conda#e036e2f76d9c9aebc12510ed23352b6c
https://conda.anaconda.org/conda-forge/noarch/cycler-0.12.1-pyhcf101f3_2.conda#4c2a8fef270f6c69591889b93f9f55c1
https://conda.anaconda.org/conda-forge/win-64/deno-dom-0.1.41-h1a6af48_0.conda#84bc9003c48bf69d4663b00f692404cb
https://conda.anaconda.org/conda-forge/noarch/distlib-0.4.0-pyhd8ed1ab_0.conda#003b8ba0a94e2f1e117d0bd46aebc901
https://conda.anaconda.org/conda-forge/noarch/filelock-3.20.0-pyhd8ed1ab_0.conda#66b8b26023b8efdf8fcb23bac4b6325d
https://conda.anaconda.org/conda-forge/noarch/hpack-4.1.0-pyhd8ed1ab_0.conda#0a802cb9888dd14eeefc611f05c40b6e
https://conda.anaconda.org/conda-forge/noarch/hyperframe-6.1.0-pyhd8ed1ab_0.conda#8e6923fc12f1fe8f8c4e5c9f343256ac
https://conda.anaconda.org/conda-forge/noarch/idna-3.11-pyhd8ed1ab_0.conda#53abe63df7e10a6ba605dc5f9f961d36
https://conda.anaconda.org/conda-forge/win-64/kiwisolver-1.4.9-py311h275cad7_2.conda#e9eb24a8d111be48179bf82a9e0e13ca
https://conda.anaconda.org/conda-forge/win-64/libclang13-21.1.7-default_ha2db4b5_1.conda#065bcc5d1a29de06d4566b7b9ac89882
https://conda.anaconda.org/conda-forge/win-64/libfreetype6-2.14.1-hdbac1cb_0.conda#6e7c5c5ab485057b5d07fd8188ba5c28
https://conda.anaconda.org/conda-forge/win-64/libglib-2.86.2-hd9c3897_0.conda#fbd144e60009d93f129f0014a76512d3
https://conda.anaconda.org/conda-forge/win-64/libtiff-4.7.1-h8f73337_1.conda#549845d5133100142452812feb9ba2e8
https://conda.anaconda.org/conda-forge/win-64/libxcb-1.17.0-h0e4246c_0.conda#a69bbf778a462da324489976c84cfc8c
https://conda.anaconda.org/conda-forge/win-64/libxml2-2.15.1-ha29bfb0_0.conda#87116b9de9c1825c3fd4ef92c984877b
https://conda.anaconda.org/conda-forge/win-64/markupsafe-3.0.3-py311h3f79411_0.conda#f04c6970b6cce548de53b43f6be06586
https://conda.anaconda.org/conda-forge/noarch/more-itertools-10.8.0-pyhcf101f3_1.conda#32f78e9d06e8593bc4bbf1338da06f5f
https://conda.anaconda.org/conda-forge/win-64/msgpack-python-1.1.2-py311h3fd045d_1.conda#b0f2fb2eadce667ad09ca7d3ff868c71
https://conda.anaconda.org/conda-forge/noarch/munkres-1.1.4-pyhd8ed1ab_1.conda#37293a85a0f4f77bbd9cf7aaefc62609
https://conda.anaconda.org/conda-forge/noarch/packaging-25.0-pyh29332c3_1.conda#58335b26c38bf4a20f399384c33cbcf9
https://conda.anaconda.org/conda-forge/noarch/pkginfo-1.12.1.2-pyhd8ed1ab_0.conda#dc702b2fae7ebe770aff3c83adb16b63
https://conda.anaconda.org/conda-forge/noarch/platformdirs-4.5.1-pyhcf101f3_0.conda#1bd2e65c8c7ef24f4639ae6e850dacc2
https://conda.anaconda.org/conda-forge/noarch/pycparser-2.22-pyh29332c3_1.conda#12c566707c80111f9799308d9e265aef
https://conda.anaconda.org/conda-forge/noarch/pyparsing-3.2.5-pyhcf101f3_0.conda#6c8979be6d7a17692793114fa26916e8
https://conda.anaconda.org/conda-forge/noarch/python-fastjsonschema-2.21.2-pyhe01879c_0.conda#23029aae904a2ba587daba708208012f
https://conda.anaconda.org/conda-forge/noarch/python-installer-0.7.0-pyhff2d567_1.conda#e27480eebcdf247209e90da706ebef8d
https://conda.anaconda.org/conda-forge/noarch/python-tzdata-2025.2-pyhd8ed1ab_0.conda#88476ae6ebd24f39261e0854ac244f33
https://conda.anaconda.org/conda-forge/noarch/pytz-2025.2-pyhd8ed1ab_0.conda#bc8e3267d44011051f2eb14d22fb0960
https://conda.anaconda.org/conda-forge/win-64/pywin32-ctypes-0.2.3-py311h1ea47a8_3.conda#11d9c1f337374208a513330b682e9aea
https://conda.anaconda.org/conda-forge/win-64/pyyaml-6.0.3-py311h3f79411_0.conda#4e9b677d70d641f233b29d5eab706e20
https://conda.anaconda.org/conda-forge/win-64/ruamel.yaml.clib-0.2.14-py311h3485c13_0.conda#8b39284dd47020a2713b06d4d57a5e84
https://conda.anaconda.org/conda-forge/noarch/semver-3.0.4-pyhd8ed1ab_0.conda#982aa48accc06494cbd2b51af69e17c7
https://conda.anaconda.org/conda-forge/noarch/setuptools-80.9.0-pyhff2d567_0.conda#4de79c071274a53dcaf2a8c749d1499e
https://conda.anaconda.org/conda-forge/noarch/shellingham-1.5.4-pyhd8ed1ab_2.conda#83ea3a2ddb7a75c1b09cea582aa4f106
https://conda.anaconda.org/conda-forge/noarch/six-1.17.0-pyhe01879c_1.conda#3339e3b65d58accf4ca4fb8748ab16b3
https://conda.anaconda.org/conda-forge/noarch/smmap-5.0.2-pyhd8ed1ab_0.conda#87f47a78808baf2fa1ea9c315a1e48f1
https://conda.anaconda.org/conda-forge/noarch/tomli-2.3.0-pyhcf101f3_0.conda#d2732eb636c264dc9aa4cbee404b1a53
https://conda.anaconda.org/conda-forge/noarch/tomlkit-0.13.3-pyha770c72_0.conda#146402bf0f11cbeb8f781fa4309a95d3
https://conda.anaconda.org/conda-forge/win-64/tornado-6.5.2-py311h3485c13_2.conda#56b468f7a48593bc555c35e4a610d1f2
https://conda.anaconda.org/conda-forge/noarch/trove-classifiers-2025.12.1.14-pyhd8ed1ab_0.conda#4e26ba7a8f4c762a5d53baeac7049b94
https://conda.anaconda.org/conda-forge/noarch/typing_extensions-4.15.0-pyhcf101f3_0.conda#0caa1af407ecff61170c9437a808404d
https://conda.anaconda.org/conda-forge/win-64/unicodedata2-17.0.0-py311h3485c13_1.conda#a30a6a70ab7754dbf0b06fe1a96af9cb
https://conda.anaconda.org/conda-forge/noarch/win_inet_pton-1.1.0-pyh7428d3b_8.conda#46e441ba871f524e2b067929da3051c2
https://conda.anaconda.org/conda-forge/noarch/zipp-3.23.0-pyhcf101f3_1.conda#30cd29cb87d819caead4d55184c1d115
https://conda.anaconda.org/conda-forge/noarch/backports.tarfile-1.2.0-pyhd8ed1ab_1.conda#df837d654933488220b454c6a3b0fad6
https://conda.anaconda.org/conda-forge/win-64/brotli-1.2.0-h2d644bc_1.conda#bc58fdbced45bb096364de0fba1637af
https://conda.anaconda.org/conda-forge/win-64/cffi-2.0.0-py311h3485c13_1.conda#f02335db0282d5077df5bc84684f7ff9
https://conda.anaconda.org/conda-forge/noarch/click-8.3.1-pyha7b4d00_1.conda#6cd3ccc98bacfcc92b2bd7f236f01a7e
https://conda.anaconda.org/conda-forge/noarch/gitdb-4.0.12-pyhd8ed1ab_0.conda#7c14f3706e099f8fcd47af2d494616cc
https://conda.anaconda.org/conda-forge/noarch/h2-4.3.0-pyhcf101f3_0.conda#164fc43f0b53b6e3a7bc7dce5e4f1dc9
https://conda.anaconda.org/conda-forge/noarch/importlib-metadata-8.7.0-pyhe01879c_1.conda#63ccfdc3a3ce25b027b8767eb722fca8
https://conda.anaconda.org/conda-forge/noarch/importlib_resources-6.5.2-pyhd8ed1ab_0.conda#c85c76dc67d75619a92f51dfbce06992
https://conda.anaconda.org/conda-forge/noarch/jaraco.classes-3.4.0-pyhd8ed1ab_2.conda#ade6b25a6136661dadd1a43e4350b10b
https://conda.anaconda.org/conda-forge/noarch/jaraco.functools-4.3.0-pyhd8ed1ab_0.conda#b86839fa387a5b904846e77c84167e57
https://conda.anaconda.org/conda-forge/noarch/jinja2-3.1.6-pyhcf101f3_1.conda#04558c96691bed63104678757beb4f8d
https://conda.anaconda.org/conda-forge/win-64/lcms2-2.17-hbcf6048_0.conda#3538827f77b82a837fa681a4579e37a1
https://conda.anaconda.org/conda-forge/win-64/libfreetype-2.14.1-h57928b3_0.conda#3235024fe48d4087721797ebd6c9d28c
https://conda.anaconda.org/conda-forge/win-64/libhwloc-2.12.1-default_h4379cf1_1003.conda#d1699ce4fe195a9f61264a1c29b87035
https://conda.anaconda.org/conda-forge/win-64/libxslt-1.1.43-h0fbe4c1_1.conda#46034d9d983edc21e84c0b36f1b4ba61
https://conda.anaconda.org/conda-forge/win-64/openjpeg-2.5.4-h24db6dd_0.conda#5af852046226bb3cb15c7f61c2ac020a
https://conda.anaconda.org/conda-forge/noarch/pyproject_hooks-1.2.0-pyhd8ed1ab_1.conda#d4582021af437c931d7d77ec39007845
https://conda.anaconda.org/conda-forge/noarch/pysocks-1.7.1-pyh09c184e_7.conda#e2fd202833c4a981ce8a65974fe4abd1
https://conda.anaconda.org/conda-forge/noarch/python-dateutil-2.9.0.post0-pyhe01879c_2.conda#5b8d21249ff20967101ffa321cab24e8
https://conda.anaconda.org/conda-forge/win-64/quarto-1.8.26-hfeaa22a_0.conda#1b23d148212b823a1cb38b320c207349
https://conda.anaconda.org/conda-forge/win-64/ruamel.yaml-0.18.16-py311h3485c13_0.conda#f6c1c9e7d57433f6f63b7d0e17ffe9b9
https://conda.anaconda.org/conda-forge/noarch/typing-extensions-4.15.0-h396c80c_0.conda#edd329d7d3a4ab45dcf905899a7a6115
https://conda.anaconda.org/conda-forge/noarch/typing-inspection-0.4.2-pyhd8ed1ab_1.conda#a0a4a3035667fc34f29bfbd5c190baa6
https://conda.anaconda.org/conda-forge/noarch/virtualenv-20.35.4-pyhd8ed1ab_0.conda#cfccfd4e8d9de82ed75c8e2c91cab375
https://conda.anaconda.org/conda-forge/noarch/annotated-types-0.7.0-pyhd8ed1ab_1.conda#2934f256a8acfe48f6ebb4fce6cde29c
https://conda.anaconda.org/conda-forge/noarch/click-default-group-1.2.4-pyhd8ed1ab_1.conda#7cd83dd6831b61ad9624a694e4afd7dc
https://conda.anaconda.org/conda-forge/win-64/fonttools-4.61.0-py311h3f79411_0.conda#448f4a9f042eec9a840e3a0090e9a6d8
https://conda.anaconda.org/conda-forge/win-64/freetype-2.14.1-h57928b3_0.conda#d69c21967f35eb2ce7f1f85d6b6022d3
https://conda.anaconda.org/conda-forge/noarch/gitpython-3.1.45-pyhff2d567_0.conda#b91d463ea8be13bcbe644ae8bc99c39f
https://conda.anaconda.org/conda-forge/noarch/jaraco.context-6.0.1-pyhd8ed1ab_0.conda#bcc023a32ea1c44a790bbf1eae473486
https://conda.anaconda.org/conda-forge/win-64/pillow-12.0.0-py311h17b8079_2.conda#a80f6ec79f4ea2bf7572f4f8e8b467f7
https://conda.anaconda.org/conda-forge/win-64/pydantic-core-2.41.5-py311hf51aa87_1.conda#6e9d7d8626b17cd232099a8dcd645b3c
https://conda.anaconda.org/conda-forge/noarch/python-build-1.3.0-pyhff2d567_0.conda#ed5d43e9ef92cc2a9872f9bdfe94b984
https://conda.anaconda.org/conda-forge/win-64/tbb-2022.3.0-hd094cb3_1.conda#17c38aaf14c640b85c4617ccb59c1146
https://conda.anaconda.org/conda-forge/noarch/urllib3-2.6.1-pyhd8ed1ab_0.conda#fb84f0f6ee8a0ad67213cd1bea98bf5b
https://conda.anaconda.org/conda-forge/win-64/zstandard-0.25.0-py311hf893f09_1.conda#b2d90bca78b57c17205ce3ca1c427813
https://conda.anaconda.org/conda-forge/noarch/conda-package-streaming-0.12.0-pyhd8ed1ab_0.conda#ff75d06af779966a5aeae1be1d409b96
https://conda.anaconda.org/conda-forge/win-64/dulwich-0.22.8-py311h533ab2d_0.conda#e023f5769204b61d278287feb3648bf7
https://conda.anaconda.org/conda-forge/win-64/fontconfig-2.15.0-h765892d_1.conda#9bb0026a2131b09404c59c4290c697cd
https://conda.anaconda.org/conda-forge/noarch/keyring-25.7.0-pyh7428d3b_0.conda#e91b0f2040c580527ccc54665aa7cdba
https://conda.anaconda.org/conda-forge/win-64/mkl-2025.3.0-hac47afa_454.conda#c83ec81713512467dfe1b496a8292544
https://conda.anaconda.org/conda-forge/noarch/pydantic-2.12.5-pyhcf101f3_1.conda#c3946ed24acdb28db1b5d63321dbca7d
https://conda.anaconda.org/conda-forge/noarch/requests-2.32.5-pyhd8ed1ab_0.conda#db0c6b99149880c8ba515cf4abe93ee4
https://conda.anaconda.org/conda-forge/noarch/cachecontrol-0.14.3-pyha770c72_0.conda#241ef6e3db47a143ac34c21bfba510f1
https://conda.anaconda.org/conda-forge/win-64/cairo-1.18.4-h5782bbf_0.conda#20e32ced54300292aff690a69c5e7b97
https://conda.anaconda.org/conda-forge/noarch/ensureconda-1.6.0-pyhcf101f3_0.conda#fcc02785e4da41e5f19f740e017b6ffb
https://conda.anaconda.org/conda-forge/win-64/libblas-3.11.0-4_hf2e6a31_mkl.conda#97ec87aab53fb310e6c19cde2eec1de2
https://conda.anaconda.org/conda-forge/noarch/requests-toolbelt-1.0.0-pyhd8ed1ab_1.conda#66de8645e324fda0ea6ef28c2f99a2ab
https://conda.anaconda.org/conda-forge/noarch/cachecontrol-with-filecache-0.14.3-pyhd8ed1ab_0.conda#b4af8c1b61929b1bcb001c2953882149
https://conda.anaconda.org/conda-forge/win-64/harfbuzz-12.2.0-h5f2951f_0.conda#e798ef748fc564e42f381d3d276850f0
https://conda.anaconda.org/conda-forge/win-64/libcblas-3.11.0-4_h2a3cdd5_mkl.conda#64410b46ecf6fdfd19eb1d124d9eb450
https://conda.anaconda.org/conda-forge/win-64/liblapack-3.11.0-4_hf9ab0e9_mkl.conda#67298727e96b60068a316d2f627e1e35
https://conda.anaconda.org/conda-forge/noarch/conda-lock-3.0.4-pyha6a9232_1.conda#90267864ae83a78506f1c8c34234ea7d
https://conda.anaconda.org/conda-forge/win-64/numpy-2.3.5-py311h80b3fa1_0.conda#1e0fb210584b09130000c4404b77f0f6
https://conda.anaconda.org/conda-forge/win-64/qt6-main-6.9.3-ha0de62e_1.conda#ca2bfad3a24794a0f7cf413b03906ade
https://conda.anaconda.org/conda-forge/win-64/contourpy-1.3.3-py311h3fd045d_3.conda#5e7e380c470e9f4683b3129fedafbcdf
https://conda.anaconda.org/conda-forge/win-64/pandas-2.3.3-py311h11fd7f3_2.conda#6d7622c147fa008da95fe7dd7431a868
https://conda.anaconda.org/conda-forge/win-64/pyside6-6.9.3-py311hf70c7b4_1.conda#db3dc429d8fa0cb3562eca20d94af620
https://conda.anaconda.org/conda-forge/win-64/matplotlib-base-3.10.8-py311h1675fdf_0.conda#57671b98b86015c8b28551cdb09ee294
https://conda.anaconda.org/conda-forge/win-64/matplotlib-3.10.8-py311h1ea47a8_0.conda#64fe28aa2486e41918239d385336e88e
